// !$*UTF8*$!
{
	archiveVersion = 1;
	classes = {
	};
	objectVersion = 46;
	objects = {

/* Begin PBXBuildFile section */
		E9967D721CBE98C8006C2895 /* main.cpp in Sources */ = {isa = PBXBuildFile; fileRef = E9967D711CBE98C8006C2895 /* main.cpp */; };
		E9967D791CBEA7E5006C2895 /* Binary Search Tree 2016.cpp in Sources */ = {isa = PBXBuildFile; fileRef = E9967D781CBEA7E5006C2895 /* Binary Search Tree 2016.cpp */; };
/* End PBXBuildFile section */

/* Begin PBXCopyFilesBuildPhase section */
		E9967D6C1CBE98C8006C2895 /* CopyFiles */ = {
			isa = PBXCopyFilesBuildPhase;
			buildActionMask = 2147483647;
			dstPath = /usr/share/man/man1/;
			dstSubfolderSpec = 0;
			files = (
			);
			runOnlyForDeploymentPostprocessing = 1;
		};
/* End PBXCopyFilesBuildPhase section */

/* Begin PBXFileReference section */
		E9967D6E1CBE98C8006C2895 /* HW08 */ = {isa = PBXFileReference; explicitFileType = "compiled.mach-o.executable"; includeInIndex = 0; path = HW08; sourceTree = BUILT_PRODUCTS_DIR; };
		E9967D711CBE98C8006C2895 /* main.cpp */ = {isa = PBXFileReference; lastKnownFileType = sourcecode.cpp.cpp; path = main.cpp; sourceTree = "<group>"; };
		E9967D781CBEA7E5006C2895 /* Binary Search Tree 2016.cpp */ = {isa = PBXFileReference; fileEncoding = 4; lastKnownFileType = sourcecode.cpp.cpp; path = "Binary Search Tree 2016.cpp"; sourceTree = "<group>"; };
/* End PBXFileReference section */

/* Begin PBXFrameworksBuildPhase section */
		E9967D6B1CBE98C8006C2895 /* Frameworks */ = {
			isa = PBXFrameworksBuildPhase;
			buildActionMask = 2147483647;
			files = (
			);
			runOnlyForDeploymentPostprocessing = 0;
		};
/* End PBXFrameworksBuildPhase section */

/* Begin PBXGroup section */
		E9967D651CBE98C8006C2895 = {
			isa = PBXGroup;
			children = (
				E9967D701CBE98C8006C2895 /* HW08 */,
				E9967D6F1CBE98C8006C2895 /* Products */,
			);
			sourceTree = "<group>";
		};
		E9967D6F1CBE98C8006C2895 /* Products */ = {
			isa = PBXGroup;
			children = (
				E9967D6E1CBE98C8006C2895 /* HW08 */,
			);
			name = Products;
			sourceTree = "<group>";
		};
		E9967D701CBE98C8006C2895 /* HW08 */ = {
			isa = PBXGroup;
			children = (
				E9967D781CBEA7E5006C2895 /* Binary Search Tree 2016.cpp */,
				E9967D711CBE98C8006C2895 /* main.cpp */,
			);
			path = HW08;
			sourceTree = "<group>";
		};
/* End PBXGroup section */

/* Begin PBXNativeTarget section */
		E9967D6D1CBE98C8006C2895 /* HW08 */ = {
			isa = PBXNativeTarget;
			buildConfigurationList = E9967D751CBE98C8006C2895 /* Build configuration list for PBXNativeTarget "HW08" */;
			buildPhases = (
				E9967D6A1CBE98C8006C2895 /* Sources */,
				E9967D6B1CBE98C8006C2895 /* Frameworks */,
				E9967D6C1CBE98C8006C2895 /* CopyFiles */,
			);
			buildRules = (
			);
			dependencies = (
			);
			name = HW08;
			productName = HW08;
			productReference = E9967D6E1CBE98C8006C2895 /* HW08 */;
			productType = "com.apple.product-type.tool";
		};
/* End PBXNativeTarget section */

/* Begin PBXProject section */
		E9967D661CBE98C8006C2895 /* Project object */ = {
			isa = PBXProject;
			attributes = {
				LastUpgradeCheck = 0720;
				ORGANIZATIONNAME = "Computer Science 2134";
				TargetAttributes = {
					E9967D6D1CBE98C8006C2895 = {
						CreatedOnToolsVersion = 7.2;
					};
				};
			};
			buildConfigurationList = E9967D691CBE98C8006C2895 /* Build configuration list for PBXProject "HW08" */;
			compatibilityVersion = "Xcode 3.2";
			developmentRegion = English;
			hasScannedForEncodings = 0;
			knownRegions = (
				en,
			);
			mainGroup = E9967D651CBE98C8006C2895;
			productRefGroup = E9967D6F1CBE98C8006C2895 /* Products */;
			projectDirPath = "";
			projectRoot = "";
			targets = (
				E9967D6D1CBE98C8006C2895 /* HW08 */,
			);
		};
/* End PBXProject section */

/* Begin PBXSourcesBuildPhase section */
		E9967D6A1CBE98C8006C2895 /* Sources */ = {
			isa = PBXSourcesBuildPhase;
			buildActionMask = 2147483647;
			files = (
				E9967D791CBEA7E5006C2895 /* Binary Search Tree 2016.cpp in Sources */,
				E9967D721CBE98C8006C2895 /* main.cpp in Sources */,
			);
			runOnlyForDeploymentPostprocessing = 0;
		};
/* End PBXSourcesBuildPhase section */

/* Begin XCBuildConfiguration section */
		E9967D731CBE98C8006C2895 /* Debug */ = {
			isa = XCBuildConfiguration;
			buildSettings = {
				ALWAYS_SEARCH_USER_PATHS = NO;
				CLANG_CXX_LANGUAGE_STANDARD = "gnu++0x";
				CLANG_CXX_LIBRARY = "libc++";
				CLANG_ENABLE_MODULES = YES;
				CLANG_ENABLE_OBJC_ARC = YES;
				CLANG_WARN_BOOL_CONVERSION = YES;
				CLANG_WARN_CONSTANT_CONVERSION = YES;
				CLANG_WARN_DIRECT_OBJC_ISA_USAGE = YES_ERROR;
				CLANG_WARN_EMPTY_BODY = YES;
				CLANG_WARN_ENUM_CONVERSION = YES;
				CLANG_WARN_INT_CONVERSION = YES;
				CLANG_WARN_OBJC_ROOT_CLASS = YES_ERROR;
				CLANG_WARN_UNREACHABLE_CODE = YES;
				CLANG_WARN__DUPLICATE_METHOD_MATCH = YES;
				CODE_SIGN_IDENTITY = "-";
				COPY_PHASE_STRIP = NO;
				DEBUG_INFORMATION_FORMAT = dwarf;
				ENABLE_STRICT_OBJC_MSGSEND = YES;
				ENABLE_TESTABILITY = YES;
				GCC_C_LANGUAGE_STANDARD = gnu99;
				GCC_DYNAMIC_NO_PIC = NO;
				GCC_NO_COMMON_BLOCKS = YES;
				GCC_OPTIMIZATION_LEVEL = 0;
				GCC_PREPROCESSOR_DEFINITIONS = (
					"DEBUG=1",
					"$(inherited)",
				);
				GCC_WARN_64_TO_32_BIT_CONVERSION = YES;
				GCC_WARN_ABOUT_RETURN_TYPE = YES_ERROR;
				GCC_WARN_UNDECLARED_SELECTOR = YES;
				GCC_WARN_UNINITIALIZED_AUTOS = YES_AGGRESSIVE;
				GCC_WARN_UNUSED_FUNCTION = YES;
				GCC_WARN_UNUSED_VARIABLE = YES;
				MACOSX_DEPLOYMENT_TARGET = 10.11;
				MTL_ENABLE_DEBUG_INFO = YES;
				ONLY_ACTIVE_ARCH = YES;
				SDKROOT = macosx;
			};
			name = Debug;
		};
		E9967D741CBE98C8006C2895 /* Release */ = {
			isa = XCBuildConfiguration;
			buildSettings = {
				ALWAYS_SEARCH_USER_PATHS = NO;
				CLANG_CXX_LANGUAGE_STANDARD = "gnu++0x";
				CLANG_CXX_LIBRARY = "libc++";
				CLANG_ENABLE_MODULES = YES;
				CLANG_ENABLE_OBJC_ARC = YES;
				CLANG_WARN_BOOL_CONVERSION = YES;
				CLANG_WARN_CONSTANT_CONVERSION = YES;
				CLANG_WARN_DIRECT_OBJC_ISA_USAGE = YES_ERROR;
				CLANG_WARN_EMPTY_BODY = YES;
				CLANG_WARN_ENUM_CONVERSION = YES;
				CLANG_WARN_INT_CONVERSION = YES;
				CLANG_WARN_OBJC_ROOT_CLASS = YES_ERROR;
				CLANG_WARN_UNREACHABLE_CODE = YES;
				CLANG_WARN__DUPLICATE_METHOD_MATCH = YES;
				CODE_SIGN_IDENTITY = "-";
				COPY_PHASE_STRIP = NO;
				DEBUG_INFORMATION_FORMAT = "dwarf-with-dsym";
				ENABLE_NS_ASSERTIONS = NO;
				ENABLE_STRICT_OBJC_MSGSEND = YES;
				GCC_C_LANGUAGE_STANDARD = gnu99;
				GCC_NO_COMMON_BLOCKS = YES;
				GCC_WARN_64_TO_32_BIT_CONVERSION = YES;
				GCC_WARN_ABOUT_RETURN_TYPE = YES_ERROR;
				GCC_WARN_UNDECLARED_SELECTOR = YES;
				GCC_WARN_UNINITIALIZED_AUTOS = YES_AGGRESSIVE;
				GCC_WARN_UNUSED_FUNCTION = YES;
				GCC_WARN_UNUSED_VARIABLE = YES;
				MACOSX_DEPLOYMENT_TARGET = 10.11;
				MTL_ENABLE_DEBUG_INFO = NO;
				SDKROOT = macosx;
			};
			name = Release;
		};
		E9967D761CBE98C8006C2895 /* Debug */ = {
			isa = XCBuildConfiguration;
			buildSettings = {
				PRODUCT_NAME = "$(TARGET_NAME)";
			};
			name = Debug;
		};
		E9967D771CBE98C8006C2895 /* Release */ = {
			isa = XCBuildConfiguration;
			buildSettings = {
				PRODUCT_NAME = "$(TARGET_NAME)";
			};
			name = Release;
		};
/* End XCBuildConfiguration section */

/* Begin XCConfigurationList section */
		E9967D691CBE98C8006C2895 /* Build configuration list for PBXProject "HW08" */ = {
			isa = XCConfigurationList;
			buildConfigurations = (
				E9967D731CBE98C8006C2895 /* Debug */,
				E9967D741CBE98C8006C2895 /* Release */,
			);
			defaultConfigurationIsVisible = 0;
			defaultConfigurationName = Release;
		};
		E9967D751CBE98C8006C2895 /* Build configuration list for PBXNativeTarget "HW08" */ = {
			isa = XCConfigurationList;
			buildConfigurations = (
				E9967D761CBE98C8006C2895 /* Debug */,
				E9967D771CBE98C8006C2895 /* Release */,
			);
			defaultConfigurationIsVisible = 0;
		};
/* End XCConfigurationList section */
	};
	rootObject = E9967D661CBE98C8006C2895 /* Project object */;
}
